
Microsoft Visual Studio Solution File, Format Version 12.00
# Visual Studio Version 17
VisualStudioVersion = 17.10.35004.147
MinimumVisualStudioVersion = 10.0.40219.1
Project("{9A19103F-16F7-4668-BE54-9A1E7A4F7556}") = "LogicaNegocio", "Obligatorio.JuegosOlimpicos\LogicaNegocio.csproj", "{A3F5253B-A9A8-468B-88C5-FEE518FC3159}"
EndProject
Project("{9A19103F-16F7-4668-BE54-9A1E7A4F7556}") = "LogicaAccesoDatos", "LogicaAccesoDatos\LogicaAccesoDatos.csproj", "{44F0F910-01AD-4B96-BF0F-2D6BB43D1C79}"
EndProject
Project("{9A19103F-16F7-4668-BE54-9A1E7A4F7556}") = "LogicaAplicacion", "LogicaAplicacion\LogicaAplicacion.csproj", "{4D2250C7-094E-4B62-99DD-BFE7D1A50910}"
EndProject
Project("{9A19103F-16F7-4668-BE54-9A1E7A4F7556}") = "Compartido", "Compartido\Compartido.csproj", "{6D23D8AD-A10F-409C-B910-D1285A88C60D}"
EndProject
Project("{FAE04EC0-301F-11D3-BF4B-00C04F79EFBC}") = "LibreriaWeb", "LibreriaWeb\LibreriaWeb.csproj", "{3C45A717-52EB-44CD-B338-7042D8114574}"
EndProject
Global
	GlobalSection(SolutionConfigurationPlatforms) = preSolution
		Debug|Any CPU = Debug|Any CPU
		Release|Any CPU = Release|Any CPU
	EndGlobalSection
	GlobalSection(ProjectConfigurationPlatforms) = postSolution
		{A3F5253B-A9A8-468B-88C5-FEE518FC3159}.Debug|Any CPU.ActiveCfg = Debug|Any CPU
		{A3F5253B-A9A8-468B-88C5-FEE518FC3159}.Debug|Any CPU.Build.0 = Debug|Any CPU
		{A3F5253B-A9A8-468B-88C5-FEE518FC3159}.Release|Any CPU.ActiveCfg = Release|Any CPU
		{A3F5253B-A9A8-468B-88C5-FEE518FC3159}.Release|Any CPU.Build.0 = Release|Any CPU
		{44F0F910-01AD-4B96-BF0F-2D6BB43D1C79}.Debug|Any CPU.ActiveCfg = Debug|Any CPU
		{44F0F910-01AD-4B96-BF0F-2D6BB43D1C79}.Debug|Any CPU.Build.0 = Debug|Any CPU
		{44F0F910-01AD-4B96-BF0F-2D6BB43D1C79}.Release|Any CPU.ActiveCfg = Release|Any CPU
		{44F0F910-01AD-4B96-BF0F-2D6BB43D1C79}.Release|Any CPU.Build.0 = Release|Any CPU
		{4D2250C7-094E-4B62-99DD-BFE7D1A50910}.Debug|Any CPU.ActiveCfg = Debug|Any CPU
		{4D2250C7-094E-4B62-99DD-BFE7D1A50910}.Debug|Any CPU.Build.0 = Debug|Any CPU
		{4D2250C7-094E-4B62-99DD-BFE7D1A50910}.Release|Any CPU.ActiveCfg = Release|Any CPU
		{4D2250C7-094E-4B62-99DD-BFE7D1A50910}.Release|Any CPU.Build.0 = Release|Any CPU
		{6D23D8AD-A10F-409C-B910-D1285A88C60D}.Debug|Any CPU.ActiveCfg = Debug|Any CPU
		{6D23D8AD-A10F-409C-B910-D1285A88C60D}.Debug|Any CPU.Build.0 = Debug|Any CPU
		{6D23D8AD-A10F-409C-B910-D1285A88C60D}.Release|Any CPU.ActiveCfg = Release|Any CPU
		{6D23D8AD-A10F-409C-B910-D1285A88C60D}.Release|Any CPU.Build.0 = Release|Any CPU
		{3C45A717-52EB-44CD-B338-7042D8114574}.Debug|Any CPU.ActiveCfg = Debug|Any CPU
		{3C45A717-52EB-44CD-B338-7042D8114574}.Debug|Any CPU.Build.0 = Debug|Any CPU
		{3C45A717-52EB-44CD-B338-7042D8114574}.Release|Any CPU.ActiveCfg = Release|Any CPU
		{3C45A717-52EB-44CD-B338-7042D8114574}.Release|Any CPU.Build.0 = Release|Any CPU
	EndGlobalSection
	GlobalSection(SolutionProperties) = preSolution
		HideSolutionNode = FALSE
	EndGlobalSection
	GlobalSection(ExtensibilityGlobals) = postSolution
		SolutionGuid = {0B045329-D694-4407-ACCE-ABD78751441E}
	EndGlobalSection
EndGlobal
